
Microsoft Visual Studio Solution File, Format Version 12.00
# Visual Studio 15
VisualStudioVersion = 15.0.27703.2035
MinimumVisualStudioVersion = 10.0.40219.1
Project("{8BC9CEB8-8B4A-11D0-8D11-00A0C91BC942}") = "Memory", "Memory\Memory.vcxproj", "{64590CFA-BD56-450A-89C8-0352205A3C06}"
EndProject
Project("{8BC9CEB8-8B4A-11D0-8D11-00A0C91BC942}") = "VMemA", "VMemA\VMemA.vcxproj", "{F3FBDFFD-6E6A-4529-86E4-2F95D7747997}"
EndProject
Project("{8BC9CEB8-8B4A-11D0-8D11-00A0C91BC942}") = "VMemB", "VMemB\VMemB.vcxproj", "{EEB5E455-8148-46A7-A079-D4966EC259F3}"
EndProject
Project("{8BC9CEB8-8B4A-11D0-8D11-00A0C91BC942}") = "MemAlloc", "MemAlloc\MemAlloc.vcxproj", "{6C53DD47-0738-4676-A3A8-844A45DEB219}"
EndProject
Project("{8BC9CEB8-8B4A-11D0-8D11-00A0C91BC942}") = "GetSysInfo", "GetSysInfo\GetSysInfo.vcxproj", "{6480EEF1-B318-47C3-A702-3D6F35429184}"
EndProject
Project("{8BC9CEB8-8B4A-11D0-8D11-00A0C91BC942}") = "BigMemory", "BigMemory\BigMemory.vcxproj", "{4F0BF873-BFB1-4C89-BA68-50DC3BA9B571}"
EndProject
Project("{8BC9CEB8-8B4A-11D0-8D11-00A0C91BC942}") = "AllocTest", "AllocTest\AllocTest.vcxproj", "{ED890F49-D316-4316-850C-288C09E1C097}"
EndProject
Project("{8BC9CEB8-8B4A-11D0-8D11-00A0C91BC942}") = "MemShare1", "MemShare1\MemShare1.vcxproj", "{B0702021-D39D-4175-802C-B60D457F54B3}"
EndProject
Project("{8BC9CEB8-8B4A-11D0-8D11-00A0C91BC942}") = "MemShare2", "MemShare2\MemShare2.vcxproj", "{14D78632-48F8-4D64-B0D9-40F8068407C7}"
EndProject
Project("{8BC9CEB8-8B4A-11D0-8D11-00A0C91BC942}") = "ReadBigFile", "ReadBigFile\ReadBigFile.vcxproj", "{C9FEBC8D-F4BB-4C9F-94DE-25ADF02CC1C6}"
EndProject
Project("{8BC9CEB8-8B4A-11D0-8D11-00A0C91BC942}") = "MemFile", "MemFile\MemFile.vcxproj", "{7CC1FA37-22E2-4A9D-860B-6BE8222DF73A}"
EndProject
Project("{8BC9CEB8-8B4A-11D0-8D11-00A0C91BC942}") = "SetOtherText", "SetOtherText\SetOtherText.vcxproj", "{9ACF0358-5D34-4586-B30A-E1B48D66EED0}"
EndProject
Global
	GlobalSection(SolutionConfigurationPlatforms) = preSolution
		Debug|x64 = Debug|x64
		Debug|x86 = Debug|x86
		Release|x64 = Release|x64
		Release|x86 = Release|x86
	EndGlobalSection
	GlobalSection(ProjectConfigurationPlatforms) = postSolution
		{64590CFA-BD56-450A-89C8-0352205A3C06}.Debug|x64.ActiveCfg = Debug|x64
		{64590CFA-BD56-450A-89C8-0352205A3C06}.Debug|x64.Build.0 = Debug|x64
		{64590CFA-BD56-450A-89C8-0352205A3C06}.Debug|x86.ActiveCfg = Debug|Win32
		{64590CFA-BD56-450A-89C8-0352205A3C06}.Debug|x86.Build.0 = Debug|Win32
		{64590CFA-BD56-450A-89C8-0352205A3C06}.Release|x64.ActiveCfg = Release|x64
		{64590CFA-BD56-450A-89C8-0352205A3C06}.Release|x64.Build.0 = Release|x64
		{64590CFA-BD56-450A-89C8-0352205A3C06}.Release|x86.ActiveCfg = Release|Win32
		{64590CFA-BD56-450A-89C8-0352205A3C06}.Release|x86.Build.0 = Release|Win32
		{F3FBDFFD-6E6A-4529-86E4-2F95D7747997}.Debug|x64.ActiveCfg = Debug|x64
		{F3FBDFFD-6E6A-4529-86E4-2F95D7747997}.Debug|x64.Build.0 = Debug|x64
		{F3FBDFFD-6E6A-4529-86E4-2F95D7747997}.Debug|x86.ActiveCfg = Debug|Win32
		{F3FBDFFD-6E6A-4529-86E4-2F95D7747997}.Debug|x86.Build.0 = Debug|Win32
		{F3FBDFFD-6E6A-4529-86E4-2F95D7747997}.Release|x64.ActiveCfg = Release|x64
		{F3FBDFFD-6E6A-4529-86E4-2F95D7747997}.Release|x64.Build.0 = Release|x64
		{F3FBDFFD-6E6A-4529-86E4-2F95D7747997}.Release|x86.ActiveCfg = Release|Win32
		{F3FBDFFD-6E6A-4529-86E4-2F95D7747997}.Release|x86.Build.0 = Release|Win32
		{EEB5E455-8148-46A7-A079-D4966EC259F3}.Debug|x64.ActiveCfg = Debug|x64
		{EEB5E455-8148-46A7-A079-D4966EC259F3}.Debug|x64.Build.0 = Debug|x64
		{EEB5E455-8148-46A7-A079-D4966EC259F3}.Debug|x86.ActiveCfg = Debug|Win32
		{EEB5E455-8148-46A7-A079-D4966EC259F3}.Debug|x86.Build.0 = Debug|Win32
		{EEB5E455-8148-46A7-A079-D4966EC259F3}.Release|x64.ActiveCfg = Release|x64
		{EEB5E455-8148-46A7-A079-D4966EC259F3}.Release|x64.Build.0 = Release|x64
		{EEB5E455-8148-46A7-A079-D4966EC259F3}.Release|x86.ActiveCfg = Release|Win32
		{EEB5E455-8148-46A7-A079-D4966EC259F3}.Release|x86.Build.0 = Release|Win32
		{6C53DD47-0738-4676-A3A8-844A45DEB219}.Debug|x64.ActiveCfg = Debug|x64
		{6C53DD47-0738-4676-A3A8-844A45DEB219}.Debug|x64.Build.0 = Debug|x64
		{6C53DD47-0738-4676-A3A8-844A45DEB219}.Debug|x86.ActiveCfg = Debug|Win32
		{6C53DD47-0738-4676-A3A8-844A45DEB219}.Debug|x86.Build.0 = Debug|Win32
		{6C53DD47-0738-4676-A3A8-844A45DEB219}.Release|x64.ActiveCfg = Release|x64
		{6C53DD47-0738-4676-A3A8-844A45DEB219}.Release|x64.Build.0 = Release|x64
		{6C53DD47-0738-4676-A3A8-844A45DEB219}.Release|x86.ActiveCfg = Release|Win32
		{6C53DD47-0738-4676-A3A8-844A45DEB219}.Release|x86.Build.0 = Release|Win32
		{6480EEF1-B318-47C3-A702-3D6F35429184}.Debug|x64.ActiveCfg = Debug|x64
		{6480EEF1-B318-47C3-A702-3D6F35429184}.Debug|x64.Build.0 = Debug|x64
		{6480EEF1-B318-47C3-A702-3D6F35429184}.Debug|x86.ActiveCfg = Debug|Win32
		{6480EEF1-B318-47C3-A702-3D6F35429184}.Debug|x86.Build.0 = Debug|Win32
		{6480EEF1-B318-47C3-A702-3D6F35429184}.Release|x64.ActiveCfg = Release|x64
		{6480EEF1-B318-47C3-A702-3D6F35429184}.Release|x64.Build.0 = Release|x64
		{6480EEF1-B318-47C3-A702-3D6F35429184}.Release|x86.ActiveCfg = Release|Win32
		{6480EEF1-B318-47C3-A702-3D6F35429184}.Release|x86.Build.0 = Release|Win32
		{4F0BF873-BFB1-4C89-BA68-50DC3BA9B571}.Debug|x64.ActiveCfg = Debug|x64
		{4F0BF873-BFB1-4C89-BA68-50DC3BA9B571}.Debug|x64.Build.0 = Debug|x64
		{4F0BF873-BFB1-4C89-BA68-50DC3BA9B571}.Debug|x86.ActiveCfg = Debug|Win32
		{4F0BF873-BFB1-4C89-BA68-50DC3BA9B571}.Debug|x86.Build.0 = Debug|Win32
		{4F0BF873-BFB1-4C89-BA68-50DC3BA9B571}.Release|x64.ActiveCfg = Release|x64
		{4F0BF873-BFB1-4C89-BA68-50DC3BA9B571}.Release|x64.Build.0 = Release|x64
		{4F0BF873-BFB1-4C89-BA68-50DC3BA9B571}.Release|x86.ActiveCfg = Release|Win32
		{4F0BF873-BFB1-4C89-BA68-50DC3BA9B571}.Release|x86.Build.0 = Release|Win32
		{ED890F49-D316-4316-850C-288C09E1C097}.Debug|x64.ActiveCfg = Debug|x64
		{ED890F49-D316-4316-850C-288C09E1C097}.Debug|x64.Build.0 = Debug|x64
		{ED890F49-D316-4316-850C-288C09E1C097}.Debug|x86.ActiveCfg = Debug|Win32
		{ED890F49-D316-4316-850C-288C09E1C097}.Debug|x86.Build.0 = Debug|Win32
		{ED890F49-D316-4316-850C-288C09E1C097}.Release|x64.ActiveCfg = Release|x64
		{ED890F49-D316-4316-850C-288C09E1C097}.Release|x64.Build.0 = Release|x64
		{ED890F49-D316-4316-850C-288C09E1C097}.Release|x86.ActiveCfg = Release|Win32
		{ED890F49-D316-4316-850C-288C09E1C097}.Release|x86.Build.0 = Release|Win32
		{B0702021-D39D-4175-802C-B60D457F54B3}.Debug|x64.ActiveCfg = Debug|x64
		{B0702021-D39D-4175-802C-B60D457F54B3}.Debug|x64.Build.0 = Debug|x64
		{B0702021-D39D-4175-802C-B60D457F54B3}.Debug|x86.ActiveCfg = Debug|Win32
		{B0702021-D39D-4175-802C-B60D457F54B3}.Debug|x86.Build.0 = Debug|Win32
		{B0702021-D39D-4175-802C-B60D457F54B3}.Release|x64.ActiveCfg = Release|x64
		{B0702021-D39D-4175-802C-B60D457F54B3}.Release|x64.Build.0 = Release|x64
		{B0702021-D39D-4175-802C-B60D457F54B3}.Release|x86.ActiveCfg = Release|Win32
		{B0702021-D39D-4175-802C-B60D457F54B3}.Release|x86.Build.0 = Release|Win32
		{14D78632-48F8-4D64-B0D9-40F8068407C7}.Debug|x64.ActiveCfg = Debug|x64
		{14D78632-48F8-4D64-B0D9-40F8068407C7}.Debug|x64.Build.0 = Debug|x64
		{14D78632-48F8-4D64-B0D9-40F8068407C7}.Debug|x86.ActiveCfg = Debug|Win32
		{14D78632-48F8-4D64-B0D9-40F8068407C7}.Debug|x86.Build.0 = Debug|Win32
		{14D78632-48F8-4D64-B0D9-40F8068407C7}.Release|x64.ActiveCfg = Release|x64
		{14D78632-48F8-4D64-B0D9-40F8068407C7}.Release|x64.Build.0 = Release|x64
		{14D78632-48F8-4D64-B0D9-40F8068407C7}.Release|x86.ActiveCfg = Release|Win32
		{14D78632-48F8-4D64-B0D9-40F8068407C7}.Release|x86.Build.0 = Release|Win32
		{C9FEBC8D-F4BB-4C9F-94DE-25ADF02CC1C6}.Debug|x64.ActiveCfg = Debug|x64
		{C9FEBC8D-F4BB-4C9F-94DE-25ADF02CC1C6}.Debug|x64.Build.0 = Debug|x64
		{C9FEBC8D-F4BB-4C9F-94DE-25ADF02CC1C6}.Debug|x86.ActiveCfg = Debug|Win32
		{C9FEBC8D-F4BB-4C9F-94DE-25ADF02CC1C6}.Debug|x86.Build.0 = Debug|Win32
		{C9FEBC8D-F4BB-4C9F-94DE-25ADF02CC1C6}.Release|x64.ActiveCfg = Release|x64
		{C9FEBC8D-F4BB-4C9F-94DE-25ADF02CC1C6}.Release|x64.Build.0 = Release|x64
		{C9FEBC8D-F4BB-4C9F-94DE-25ADF02CC1C6}.Release|x86.ActiveCfg = Release|Win32
		{C9FEBC8D-F4BB-4C9F-94DE-25ADF02CC1C6}.Release|x86.Build.0 = Release|Win32
		{7CC1FA37-22E2-4A9D-860B-6BE8222DF73A}.Debug|x64.ActiveCfg = Debug|x64
		{7CC1FA37-22E2-4A9D-860B-6BE8222DF73A}.Debug|x64.Build.0 = Debug|x64
		{7CC1FA37-22E2-4A9D-860B-6BE8222DF73A}.Debug|x86.ActiveCfg = Debug|Win32
		{7CC1FA37-22E2-4A9D-860B-6BE8222DF73A}.Debug|x86.Build.0 = Debug|Win32
		{7CC1FA37-22E2-4A9D-860B-6BE8222DF73A}.Release|x64.ActiveCfg = Release|x64
		{7CC1FA37-22E2-4A9D-860B-6BE8222DF73A}.Release|x64.Build.0 = Release|x64
		{7CC1FA37-22E2-4A9D-860B-6BE8222DF73A}.Release|x86.ActiveCfg = Release|Win32
		{7CC1FA37-22E2-4A9D-860B-6BE8222DF73A}.Release|x86.Build.0 = Release|Win32
		{9ACF0358-5D34-4586-B30A-E1B48D66EED0}.Debug|x64.ActiveCfg = Debug|x64
		{9ACF0358-5D34-4586-B30A-E1B48D66EED0}.Debug|x64.Build.0 = Debug|x64
		{9ACF0358-5D34-4586-B30A-E1B48D66EED0}.Debug|x86.ActiveCfg = Debug|Win32
		{9ACF0358-5D34-4586-B30A-E1B48D66EED0}.Debug|x86.Build.0 = Debug|Win32
		{9ACF0358-5D34-4586-B30A-E1B48D66EED0}.Release|x64.ActiveCfg = Release|x64
		{9ACF0358-5D34-4586-B30A-E1B48D66EED0}.Release|x64.Build.0 = Release|x64
		{9ACF0358-5D34-4586-B30A-E1B48D66EED0}.Release|x86.ActiveCfg = Release|Win32
		{9ACF0358-5D34-4586-B30A-E1B48D66EED0}.Release|x86.Build.0 = Release|Win32
	EndGlobalSection
	GlobalSection(SolutionProperties) = preSolution
		HideSolutionNode = FALSE
	EndGlobalSection
	GlobalSection(ExtensibilityGlobals) = postSolution
		SolutionGuid = {EC59C9B8-2AC1-4D10-BD27-44BA72229BB8}
	EndGlobalSection
EndGlobal
