
Microsoft Visual Studio Solution File, Format Version 12.00
# Visual Studio 15
VisualStudioVersion = 15.0.27703.2035
MinimumVisualStudioVersion = 10.0.40219.1
Project("{8BC9CEB8-8B4A-11D0-8D11-00A0C91BC942}") = "Graphic", "Graphic\Graphic.vcxproj", "{16CCB629-5D4F-4363-A1ED-EF4E069E19D5}"
EndProject
Project("{8BC9CEB8-8B4A-11D0-8D11-00A0C91BC942}") = "TransObject", "TransObject\TransObject.vcxproj", "{2C1AB064-59BD-48FE-8511-8371EDBF035A}"
EndProject
Project("{8BC9CEB8-8B4A-11D0-8D11-00A0C91BC942}") = "PopMode", "PopMode\PopMode.vcxproj", "{75D8BDC4-2E88-4B88-B8C4-2DD8772FF243}"
EndProject
Project("{8BC9CEB8-8B4A-11D0-8D11-00A0C91BC942}") = "RopMode2", "RopMode2\RopMode2.vcxproj", "{255DE96F-C0A4-4E5F-8D17-479C94C3F6E9}"
EndProject
Project("{8BC9CEB8-8B4A-11D0-8D11-00A0C91BC942}") = "Bitmap", "Bitmap\Bitmap.vcxproj", "{4F243034-E3C9-4484-82E9-65E1F2A532B4}"
EndProject
Project("{8BC9CEB8-8B4A-11D0-8D11-00A0C91BC942}") = "DrawBitmap", "DrawBitmap\DrawBitmap.vcxproj", "{C4827D86-CE3B-4DB7-ADC6-9D7C01E9C71D}"
EndProject
Project("{8BC9CEB8-8B4A-11D0-8D11-00A0C91BC942}") = "Font", "Font\Font.vcxproj", "{D262093B-851D-470A-885E-F4B584E5BEC3}"
EndProject
Project("{8BC9CEB8-8B4A-11D0-8D11-00A0C91BC942}") = "BkMode", "BkMode\BkMode.vcxproj", "{09D845FE-25F5-4522-811B-0E19980BD0EA}"
EndProject
Project("{8BC9CEB8-8B4A-11D0-8D11-00A0C91BC942}") = "TextRot", "TextRot\TextRot.vcxproj", "{C9C5F987-2DA0-4D1F-82BE-8E2FB2739E60}"
EndProject
Global
	GlobalSection(SolutionConfigurationPlatforms) = preSolution
		Debug|x64 = Debug|x64
		Debug|x86 = Debug|x86
		Release|x64 = Release|x64
		Release|x86 = Release|x86
	EndGlobalSection
	GlobalSection(ProjectConfigurationPlatforms) = postSolution
		{16CCB629-5D4F-4363-A1ED-EF4E069E19D5}.Debug|x64.ActiveCfg = Debug|x64
		{16CCB629-5D4F-4363-A1ED-EF4E069E19D5}.Debug|x64.Build.0 = Debug|x64
		{16CCB629-5D4F-4363-A1ED-EF4E069E19D5}.Debug|x86.ActiveCfg = Debug|Win32
		{16CCB629-5D4F-4363-A1ED-EF4E069E19D5}.Debug|x86.Build.0 = Debug|Win32
		{16CCB629-5D4F-4363-A1ED-EF4E069E19D5}.Release|x64.ActiveCfg = Release|x64
		{16CCB629-5D4F-4363-A1ED-EF4E069E19D5}.Release|x64.Build.0 = Release|x64
		{16CCB629-5D4F-4363-A1ED-EF4E069E19D5}.Release|x86.ActiveCfg = Release|Win32
		{16CCB629-5D4F-4363-A1ED-EF4E069E19D5}.Release|x86.Build.0 = Release|Win32
		{2C1AB064-59BD-48FE-8511-8371EDBF035A}.Debug|x64.ActiveCfg = Debug|x64
		{2C1AB064-59BD-48FE-8511-8371EDBF035A}.Debug|x64.Build.0 = Debug|x64
		{2C1AB064-59BD-48FE-8511-8371EDBF035A}.Debug|x86.ActiveCfg = Debug|Win32
		{2C1AB064-59BD-48FE-8511-8371EDBF035A}.Debug|x86.Build.0 = Debug|Win32
		{2C1AB064-59BD-48FE-8511-8371EDBF035A}.Release|x64.ActiveCfg = Release|x64
		{2C1AB064-59BD-48FE-8511-8371EDBF035A}.Release|x64.Build.0 = Release|x64
		{2C1AB064-59BD-48FE-8511-8371EDBF035A}.Release|x86.ActiveCfg = Release|Win32
		{2C1AB064-59BD-48FE-8511-8371EDBF035A}.Release|x86.Build.0 = Release|Win32
		{75D8BDC4-2E88-4B88-B8C4-2DD8772FF243}.Debug|x64.ActiveCfg = Debug|x64
		{75D8BDC4-2E88-4B88-B8C4-2DD8772FF243}.Debug|x64.Build.0 = Debug|x64
		{75D8BDC4-2E88-4B88-B8C4-2DD8772FF243}.Debug|x86.ActiveCfg = Debug|Win32
		{75D8BDC4-2E88-4B88-B8C4-2DD8772FF243}.Debug|x86.Build.0 = Debug|Win32
		{75D8BDC4-2E88-4B88-B8C4-2DD8772FF243}.Release|x64.ActiveCfg = Release|x64
		{75D8BDC4-2E88-4B88-B8C4-2DD8772FF243}.Release|x64.Build.0 = Release|x64
		{75D8BDC4-2E88-4B88-B8C4-2DD8772FF243}.Release|x86.ActiveCfg = Release|Win32
		{75D8BDC4-2E88-4B88-B8C4-2DD8772FF243}.Release|x86.Build.0 = Release|Win32
		{255DE96F-C0A4-4E5F-8D17-479C94C3F6E9}.Debug|x64.ActiveCfg = Debug|x64
		{255DE96F-C0A4-4E5F-8D17-479C94C3F6E9}.Debug|x64.Build.0 = Debug|x64
		{255DE96F-C0A4-4E5F-8D17-479C94C3F6E9}.Debug|x86.ActiveCfg = Debug|Win32
		{255DE96F-C0A4-4E5F-8D17-479C94C3F6E9}.Debug|x86.Build.0 = Debug|Win32
		{255DE96F-C0A4-4E5F-8D17-479C94C3F6E9}.Release|x64.ActiveCfg = Release|x64
		{255DE96F-C0A4-4E5F-8D17-479C94C3F6E9}.Release|x64.Build.0 = Release|x64
		{255DE96F-C0A4-4E5F-8D17-479C94C3F6E9}.Release|x86.ActiveCfg = Release|Win32
		{255DE96F-C0A4-4E5F-8D17-479C94C3F6E9}.Release|x86.Build.0 = Release|Win32
		{4F243034-E3C9-4484-82E9-65E1F2A532B4}.Debug|x64.ActiveCfg = Debug|x64
		{4F243034-E3C9-4484-82E9-65E1F2A532B4}.Debug|x64.Build.0 = Debug|x64
		{4F243034-E3C9-4484-82E9-65E1F2A532B4}.Debug|x86.ActiveCfg = Debug|Win32
		{4F243034-E3C9-4484-82E9-65E1F2A532B4}.Debug|x86.Build.0 = Debug|Win32
		{4F243034-E3C9-4484-82E9-65E1F2A532B4}.Release|x64.ActiveCfg = Release|x64
		{4F243034-E3C9-4484-82E9-65E1F2A532B4}.Release|x64.Build.0 = Release|x64
		{4F243034-E3C9-4484-82E9-65E1F2A532B4}.Release|x86.ActiveCfg = Release|Win32
		{4F243034-E3C9-4484-82E9-65E1F2A532B4}.Release|x86.Build.0 = Release|Win32
		{C4827D86-CE3B-4DB7-ADC6-9D7C01E9C71D}.Debug|x64.ActiveCfg = Debug|x64
		{C4827D86-CE3B-4DB7-ADC6-9D7C01E9C71D}.Debug|x64.Build.0 = Debug|x64
		{C4827D86-CE3B-4DB7-ADC6-9D7C01E9C71D}.Debug|x86.ActiveCfg = Debug|Win32
		{C4827D86-CE3B-4DB7-ADC6-9D7C01E9C71D}.Debug|x86.Build.0 = Debug|Win32
		{C4827D86-CE3B-4DB7-ADC6-9D7C01E9C71D}.Release|x64.ActiveCfg = Release|x64
		{C4827D86-CE3B-4DB7-ADC6-9D7C01E9C71D}.Release|x64.Build.0 = Release|x64
		{C4827D86-CE3B-4DB7-ADC6-9D7C01E9C71D}.Release|x86.ActiveCfg = Release|Win32
		{C4827D86-CE3B-4DB7-ADC6-9D7C01E9C71D}.Release|x86.Build.0 = Release|Win32
		{D262093B-851D-470A-885E-F4B584E5BEC3}.Debug|x64.ActiveCfg = Debug|x64
		{D262093B-851D-470A-885E-F4B584E5BEC3}.Debug|x64.Build.0 = Debug|x64
		{D262093B-851D-470A-885E-F4B584E5BEC3}.Debug|x86.ActiveCfg = Debug|Win32
		{D262093B-851D-470A-885E-F4B584E5BEC3}.Debug|x86.Build.0 = Debug|Win32
		{D262093B-851D-470A-885E-F4B584E5BEC3}.Release|x64.ActiveCfg = Release|x64
		{D262093B-851D-470A-885E-F4B584E5BEC3}.Release|x64.Build.0 = Release|x64
		{D262093B-851D-470A-885E-F4B584E5BEC3}.Release|x86.ActiveCfg = Release|Win32
		{D262093B-851D-470A-885E-F4B584E5BEC3}.Release|x86.Build.0 = Release|Win32
		{09D845FE-25F5-4522-811B-0E19980BD0EA}.Debug|x64.ActiveCfg = Debug|x64
		{09D845FE-25F5-4522-811B-0E19980BD0EA}.Debug|x64.Build.0 = Debug|x64
		{09D845FE-25F5-4522-811B-0E19980BD0EA}.Debug|x86.ActiveCfg = Debug|Win32
		{09D845FE-25F5-4522-811B-0E19980BD0EA}.Debug|x86.Build.0 = Debug|Win32
		{09D845FE-25F5-4522-811B-0E19980BD0EA}.Release|x64.ActiveCfg = Release|x64
		{09D845FE-25F5-4522-811B-0E19980BD0EA}.Release|x64.Build.0 = Release|x64
		{09D845FE-25F5-4522-811B-0E19980BD0EA}.Release|x86.ActiveCfg = Release|Win32
		{09D845FE-25F5-4522-811B-0E19980BD0EA}.Release|x86.Build.0 = Release|Win32
		{C9C5F987-2DA0-4D1F-82BE-8E2FB2739E60}.Debug|x64.ActiveCfg = Debug|x64
		{C9C5F987-2DA0-4D1F-82BE-8E2FB2739E60}.Debug|x64.Build.0 = Debug|x64
		{C9C5F987-2DA0-4D1F-82BE-8E2FB2739E60}.Debug|x86.ActiveCfg = Debug|Win32
		{C9C5F987-2DA0-4D1F-82BE-8E2FB2739E60}.Debug|x86.Build.0 = Debug|Win32
		{C9C5F987-2DA0-4D1F-82BE-8E2FB2739E60}.Release|x64.ActiveCfg = Release|x64
		{C9C5F987-2DA0-4D1F-82BE-8E2FB2739E60}.Release|x64.Build.0 = Release|x64
		{C9C5F987-2DA0-4D1F-82BE-8E2FB2739E60}.Release|x86.ActiveCfg = Release|Win32
		{C9C5F987-2DA0-4D1F-82BE-8E2FB2739E60}.Release|x86.Build.0 = Release|Win32
	EndGlobalSection
	GlobalSection(SolutionProperties) = preSolution
		HideSolutionNode = FALSE
	EndGlobalSection
	GlobalSection(ExtensibilityGlobals) = postSolution
		SolutionGuid = {CC6504B2-1AF6-4D77-943C-B56F43397080}
	EndGlobalSection
EndGlobal
