
Microsoft Visual Studio Solution File, Format Version 12.00
# Visual Studio 15
VisualStudioVersion = 15.0.27703.2035
MinimumVisualStudioVersion = 10.0.40219.1
Project("{8BC9CEB8-8B4A-11D0-8D11-00A0C91BC942}") = "Control", "Control\Control.vcxproj", "{E9DA598E-9EBA-4516-9257-46C4E04E8422}"
EndProject
Project("{8BC9CEB8-8B4A-11D0-8D11-00A0C91BC942}") = "Check", "Check\Check.vcxproj", "{2F494C4B-BEFF-4F43-8835-9583CBD35972}"
EndProject
Project("{8BC9CEB8-8B4A-11D0-8D11-00A0C91BC942}") = "Radio", "Radio\Radio.vcxproj", "{1284E3F9-2F14-492E-BAE7-612304C94BD7}"
EndProject
Project("{8BC9CEB8-8B4A-11D0-8D11-00A0C91BC942}") = "Edit", "Edit\Edit.vcxproj", "{FA693A70-2884-4FDC-8ED5-50CF6275C835}"
EndProject
Project("{8BC9CEB8-8B4A-11D0-8D11-00A0C91BC942}") = "EditWnd", "EditWnd\EditWnd.vcxproj", "{EC6D5FB6-37C9-4AB3-B0DA-AACD90F5F645}"
EndProject
Project("{8BC9CEB8-8B4A-11D0-8D11-00A0C91BC942}") = "ListBox", "ListBox\ListBox.vcxproj", "{F27D5E99-E84E-45B6-8ED5-68F30AD1B5DE}"
EndProject
Project("{8BC9CEB8-8B4A-11D0-8D11-00A0C91BC942}") = "ComboBox", "ComboBox\ComboBox.vcxproj", "{31795200-0A87-4029-AAFB-5046F520F015}"
EndProject
Project("{8BC9CEB8-8B4A-11D0-8D11-00A0C91BC942}") = "ScrollBar", "ScrollBar\ScrollBar.vcxproj", "{C1B02B05-B600-4500-A935-BDEFACBC253F}"
EndProject
Project("{8BC9CEB8-8B4A-11D0-8D11-00A0C91BC942}") = "Static", "Static\Static.vcxproj", "{FB094905-EB03-41A8-906D-DC3BF907496A}"
EndProject
Global
	GlobalSection(SolutionConfigurationPlatforms) = preSolution
		Debug|x64 = Debug|x64
		Debug|x86 = Debug|x86
		Release|x64 = Release|x64
		Release|x86 = Release|x86
	EndGlobalSection
	GlobalSection(ProjectConfigurationPlatforms) = postSolution
		{E9DA598E-9EBA-4516-9257-46C4E04E8422}.Debug|x64.ActiveCfg = Debug|x64
		{E9DA598E-9EBA-4516-9257-46C4E04E8422}.Debug|x64.Build.0 = Debug|x64
		{E9DA598E-9EBA-4516-9257-46C4E04E8422}.Debug|x86.ActiveCfg = Debug|Win32
		{E9DA598E-9EBA-4516-9257-46C4E04E8422}.Debug|x86.Build.0 = Debug|Win32
		{E9DA598E-9EBA-4516-9257-46C4E04E8422}.Release|x64.ActiveCfg = Release|x64
		{E9DA598E-9EBA-4516-9257-46C4E04E8422}.Release|x64.Build.0 = Release|x64
		{E9DA598E-9EBA-4516-9257-46C4E04E8422}.Release|x86.ActiveCfg = Release|Win32
		{E9DA598E-9EBA-4516-9257-46C4E04E8422}.Release|x86.Build.0 = Release|Win32
		{2F494C4B-BEFF-4F43-8835-9583CBD35972}.Debug|x64.ActiveCfg = Debug|x64
		{2F494C4B-BEFF-4F43-8835-9583CBD35972}.Debug|x64.Build.0 = Debug|x64
		{2F494C4B-BEFF-4F43-8835-9583CBD35972}.Debug|x86.ActiveCfg = Debug|Win32
		{2F494C4B-BEFF-4F43-8835-9583CBD35972}.Debug|x86.Build.0 = Debug|Win32
		{2F494C4B-BEFF-4F43-8835-9583CBD35972}.Release|x64.ActiveCfg = Release|x64
		{2F494C4B-BEFF-4F43-8835-9583CBD35972}.Release|x64.Build.0 = Release|x64
		{2F494C4B-BEFF-4F43-8835-9583CBD35972}.Release|x86.ActiveCfg = Release|Win32
		{2F494C4B-BEFF-4F43-8835-9583CBD35972}.Release|x86.Build.0 = Release|Win32
		{1284E3F9-2F14-492E-BAE7-612304C94BD7}.Debug|x64.ActiveCfg = Debug|x64
		{1284E3F9-2F14-492E-BAE7-612304C94BD7}.Debug|x64.Build.0 = Debug|x64
		{1284E3F9-2F14-492E-BAE7-612304C94BD7}.Debug|x86.ActiveCfg = Debug|Win32
		{1284E3F9-2F14-492E-BAE7-612304C94BD7}.Debug|x86.Build.0 = Debug|Win32
		{1284E3F9-2F14-492E-BAE7-612304C94BD7}.Release|x64.ActiveCfg = Release|x64
		{1284E3F9-2F14-492E-BAE7-612304C94BD7}.Release|x64.Build.0 = Release|x64
		{1284E3F9-2F14-492E-BAE7-612304C94BD7}.Release|x86.ActiveCfg = Release|Win32
		{1284E3F9-2F14-492E-BAE7-612304C94BD7}.Release|x86.Build.0 = Release|Win32
		{FA693A70-2884-4FDC-8ED5-50CF6275C835}.Debug|x64.ActiveCfg = Debug|x64
		{FA693A70-2884-4FDC-8ED5-50CF6275C835}.Debug|x64.Build.0 = Debug|x64
		{FA693A70-2884-4FDC-8ED5-50CF6275C835}.Debug|x86.ActiveCfg = Debug|Win32
		{FA693A70-2884-4FDC-8ED5-50CF6275C835}.Debug|x86.Build.0 = Debug|Win32
		{FA693A70-2884-4FDC-8ED5-50CF6275C835}.Release|x64.ActiveCfg = Release|x64
		{FA693A70-2884-4FDC-8ED5-50CF6275C835}.Release|x64.Build.0 = Release|x64
		{FA693A70-2884-4FDC-8ED5-50CF6275C835}.Release|x86.ActiveCfg = Release|Win32
		{FA693A70-2884-4FDC-8ED5-50CF6275C835}.Release|x86.Build.0 = Release|Win32
		{EC6D5FB6-37C9-4AB3-B0DA-AACD90F5F645}.Debug|x64.ActiveCfg = Debug|x64
		{EC6D5FB6-37C9-4AB3-B0DA-AACD90F5F645}.Debug|x64.Build.0 = Debug|x64
		{EC6D5FB6-37C9-4AB3-B0DA-AACD90F5F645}.Debug|x86.ActiveCfg = Debug|Win32
		{EC6D5FB6-37C9-4AB3-B0DA-AACD90F5F645}.Debug|x86.Build.0 = Debug|Win32
		{EC6D5FB6-37C9-4AB3-B0DA-AACD90F5F645}.Release|x64.ActiveCfg = Release|x64
		{EC6D5FB6-37C9-4AB3-B0DA-AACD90F5F645}.Release|x64.Build.0 = Release|x64
		{EC6D5FB6-37C9-4AB3-B0DA-AACD90F5F645}.Release|x86.ActiveCfg = Release|Win32
		{EC6D5FB6-37C9-4AB3-B0DA-AACD90F5F645}.Release|x86.Build.0 = Release|Win32
		{F27D5E99-E84E-45B6-8ED5-68F30AD1B5DE}.Debug|x64.ActiveCfg = Debug|x64
		{F27D5E99-E84E-45B6-8ED5-68F30AD1B5DE}.Debug|x64.Build.0 = Debug|x64
		{F27D5E99-E84E-45B6-8ED5-68F30AD1B5DE}.Debug|x86.ActiveCfg = Debug|Win32
		{F27D5E99-E84E-45B6-8ED5-68F30AD1B5DE}.Debug|x86.Build.0 = Debug|Win32
		{F27D5E99-E84E-45B6-8ED5-68F30AD1B5DE}.Release|x64.ActiveCfg = Release|x64
		{F27D5E99-E84E-45B6-8ED5-68F30AD1B5DE}.Release|x64.Build.0 = Release|x64
		{F27D5E99-E84E-45B6-8ED5-68F30AD1B5DE}.Release|x86.ActiveCfg = Release|Win32
		{F27D5E99-E84E-45B6-8ED5-68F30AD1B5DE}.Release|x86.Build.0 = Release|Win32
		{31795200-0A87-4029-AAFB-5046F520F015}.Debug|x64.ActiveCfg = Debug|x64
		{31795200-0A87-4029-AAFB-5046F520F015}.Debug|x64.Build.0 = Debug|x64
		{31795200-0A87-4029-AAFB-5046F520F015}.Debug|x86.ActiveCfg = Debug|Win32
		{31795200-0A87-4029-AAFB-5046F520F015}.Debug|x86.Build.0 = Debug|Win32
		{31795200-0A87-4029-AAFB-5046F520F015}.Release|x64.ActiveCfg = Release|x64
		{31795200-0A87-4029-AAFB-5046F520F015}.Release|x64.Build.0 = Release|x64
		{31795200-0A87-4029-AAFB-5046F520F015}.Release|x86.ActiveCfg = Release|Win32
		{31795200-0A87-4029-AAFB-5046F520F015}.Release|x86.Build.0 = Release|Win32
		{C1B02B05-B600-4500-A935-BDEFACBC253F}.Debug|x64.ActiveCfg = Debug|x64
		{C1B02B05-B600-4500-A935-BDEFACBC253F}.Debug|x64.Build.0 = Debug|x64
		{C1B02B05-B600-4500-A935-BDEFACBC253F}.Debug|x86.ActiveCfg = Debug|Win32
		{C1B02B05-B600-4500-A935-BDEFACBC253F}.Debug|x86.Build.0 = Debug|Win32
		{C1B02B05-B600-4500-A935-BDEFACBC253F}.Release|x64.ActiveCfg = Release|x64
		{C1B02B05-B600-4500-A935-BDEFACBC253F}.Release|x64.Build.0 = Release|x64
		{C1B02B05-B600-4500-A935-BDEFACBC253F}.Release|x86.ActiveCfg = Release|Win32
		{C1B02B05-B600-4500-A935-BDEFACBC253F}.Release|x86.Build.0 = Release|Win32
		{FB094905-EB03-41A8-906D-DC3BF907496A}.Debug|x64.ActiveCfg = Debug|x64
		{FB094905-EB03-41A8-906D-DC3BF907496A}.Debug|x64.Build.0 = Debug|x64
		{FB094905-EB03-41A8-906D-DC3BF907496A}.Debug|x86.ActiveCfg = Debug|Win32
		{FB094905-EB03-41A8-906D-DC3BF907496A}.Debug|x86.Build.0 = Debug|Win32
		{FB094905-EB03-41A8-906D-DC3BF907496A}.Release|x64.ActiveCfg = Release|x64
		{FB094905-EB03-41A8-906D-DC3BF907496A}.Release|x64.Build.0 = Release|x64
		{FB094905-EB03-41A8-906D-DC3BF907496A}.Release|x86.ActiveCfg = Release|Win32
		{FB094905-EB03-41A8-906D-DC3BF907496A}.Release|x86.Build.0 = Release|Win32
	EndGlobalSection
	GlobalSection(SolutionProperties) = preSolution
		HideSolutionNode = FALSE
	EndGlobalSection
	GlobalSection(ExtensibilityGlobals) = postSolution
		SolutionGuid = {00C87675-7816-4439-A7A7-3BA877EEC6E7}
	EndGlobalSection
EndGlobal
